
Microsoft Visual Studio Solution File, Format Version 12.00
# Visual Studio Version 17
VisualStudioVersion = 17.10.35122.118
MinimumVisualStudioVersion = 10.0.40219.1
Project("{FAE04EC0-301F-11D3-BF4B-00C04F79EFBC}") = "Twenty-One", "Twenty-One\Twenty-One.csproj", "{F44D5497-7C7F-48C4-9BA0-C7C506CD0F03}"
EndProject
Global
	GlobalSection(SolutionConfigurationPlatforms) = preSolution
		Debug|Any CPU = Debug|Any CPU
		Release|Any CPU = Release|Any CPU
	EndGlobalSection
	GlobalSection(ProjectConfigurationPlatforms) = postSolution
		{F44D5497-7C7F-48C4-9BA0-C7C506CD0F03}.Debug|Any CPU.ActiveCfg = Debug|Any CPU
		{F44D5497-7C7F-48C4-9BA0-C7C506CD0F03}.Debug|Any CPU.Build.0 = Debug|Any CPU
		{F44D5497-7C7F-48C4-9BA0-C7C506CD0F03}.Release|Any CPU.ActiveCfg = Release|Any CPU
		{F44D5497-7C7F-48C4-9BA0-C7C506CD0F03}.Release|Any CPU.Build.0 = Release|Any CPU
	EndGlobalSection
	GlobalSection(SolutionProperties) = preSolution
		HideSolutionNode = FALSE
	EndGlobalSection
	GlobalSection(ExtensibilityGlobals) = postSolution
		SolutionGuid = {6A069B9A-CB78-447D-A13A-2807882B9695}
	EndGlobalSection
EndGlobal
