
Microsoft Visual Studio Solution File, Format Version 12.00
# Visual Studio Version 17
VisualStudioVersion = 17.10.35122.118
MinimumVisualStudioVersion = 10.0.40219.1
Project("{FAE04EC0-301F-11D3-BF4B-00C04F79EFBC}") = "Calling-Methods-Assignment", "Calling-Methods-Assignment\Calling-Methods-Assignment.csproj", "{CAE40565-5BF6-4437-89E4-74BB0F7CCEF9}"
EndProject
Global
	GlobalSection(SolutionConfigurationPlatforms) = preSolution
		Debug|Any CPU = Debug|Any CPU
		Release|Any CPU = Release|Any CPU
	EndGlobalSection
	GlobalSection(ProjectConfigurationPlatforms) = postSolution
		{CAE40565-5BF6-4437-89E4-74BB0F7CCEF9}.Debug|Any CPU.ActiveCfg = Debug|Any CPU
		{CAE40565-5BF6-4437-89E4-74BB0F7CCEF9}.Debug|Any CPU.Build.0 = Debug|Any CPU
		{CAE40565-5BF6-4437-89E4-74BB0F7CCEF9}.Release|Any CPU.ActiveCfg = Release|Any CPU
		{CAE40565-5BF6-4437-89E4-74BB0F7CCEF9}.Release|Any CPU.Build.0 = Release|Any CPU
	EndGlobalSection
	GlobalSection(SolutionProperties) = preSolution
		HideSolutionNode = FALSE
	EndGlobalSection
	GlobalSection(ExtensibilityGlobals) = postSolution
		SolutionGuid = {708D702C-C405-40AC-8491-5E3AD56BA0B4}
	EndGlobalSection
EndGlobal
