
Microsoft Visual Studio Solution File, Format Version 12.00
# Visual Studio Version 17
VisualStudioVersion = 17.10.35122.118
MinimumVisualStudioVersion = 10.0.40219.1
Project("{FAE04EC0-301F-11D3-BF4B-00C04F79EFBC}") = "Constructor-Assignment", "Constructor-Assignment\Constructor-Assignment.csproj", "{F59EB056-6996-4BC7-8CB6-E838E96A3D76}"
EndProject
Global
	GlobalSection(SolutionConfigurationPlatforms) = preSolution
		Debug|Any CPU = Debug|Any CPU
		Release|Any CPU = Release|Any CPU
	EndGlobalSection
	GlobalSection(ProjectConfigurationPlatforms) = postSolution
		{F59EB056-6996-4BC7-8CB6-E838E96A3D76}.Debug|Any CPU.ActiveCfg = Debug|Any CPU
		{F59EB056-6996-4BC7-8CB6-E838E96A3D76}.Debug|Any CPU.Build.0 = Debug|Any CPU
		{F59EB056-6996-4BC7-8CB6-E838E96A3D76}.Release|Any CPU.ActiveCfg = Release|Any CPU
		{F59EB056-6996-4BC7-8CB6-E838E96A3D76}.Release|Any CPU.Build.0 = Release|Any CPU
	EndGlobalSection
	GlobalSection(SolutionProperties) = preSolution
		HideSolutionNode = FALSE
	EndGlobalSection
	GlobalSection(ExtensibilityGlobals) = postSolution
		SolutionGuid = {4C35CBFE-11BF-4F82-A042-DC9309E29EC7}
	EndGlobalSection
EndGlobal
