
Microsoft Visual Studio Solution File, Format Version 12.00
# Visual Studio Version 17
VisualStudioVersion = 17.10.35122.118
MinimumVisualStudioVersion = 10.0.40219.1
Project("{FAE04EC0-301F-11D3-BF4B-00C04F79EFBC}") = "Array-Assignment", "Array-Assignment\Array-Assignment.csproj", "{609805AF-DB51-42FD-A393-873A8403BFD1}"
EndProject
Global
	GlobalSection(SolutionConfigurationPlatforms) = preSolution
		Debug|Any CPU = Debug|Any CPU
		Release|Any CPU = Release|Any CPU
	EndGlobalSection
	GlobalSection(ProjectConfigurationPlatforms) = postSolution
		{609805AF-DB51-42FD-A393-873A8403BFD1}.Debug|Any CPU.ActiveCfg = Debug|Any CPU
		{609805AF-DB51-42FD-A393-873A8403BFD1}.Debug|Any CPU.Build.0 = Debug|Any CPU
		{609805AF-DB51-42FD-A393-873A8403BFD1}.Release|Any CPU.ActiveCfg = Release|Any CPU
		{609805AF-DB51-42FD-A393-873A8403BFD1}.Release|Any CPU.Build.0 = Release|Any CPU
	EndGlobalSection
	GlobalSection(SolutionProperties) = preSolution
		HideSolutionNode = FALSE
	EndGlobalSection
	GlobalSection(ExtensibilityGlobals) = postSolution
		SolutionGuid = {2EC44D23-26DC-4E00-A9A2-6C595529A502}
	EndGlobalSection
EndGlobal
