
Microsoft Visual Studio Solution File, Format Version 12.00
# Visual Studio Version 17
VisualStudioVersion = 17.10.35122.118
MinimumVisualStudioVersion = 10.0.40219.1
Project("{FAE04EC0-301F-11D3-BF4B-00C04F79EFBC}") = "Enums-Assignment", "Enums-Assignment\Enums-Assignment.csproj", "{39D74308-7A25-428C-89C0-C54DE14CA239}"
EndProject
Global
	GlobalSection(SolutionConfigurationPlatforms) = preSolution
		Debug|Any CPU = Debug|Any CPU
		Release|Any CPU = Release|Any CPU
	EndGlobalSection
	GlobalSection(ProjectConfigurationPlatforms) = postSolution
		{39D74308-7A25-428C-89C0-C54DE14CA239}.Debug|Any CPU.ActiveCfg = Debug|Any CPU
		{39D74308-7A25-428C-89C0-C54DE14CA239}.Debug|Any CPU.Build.0 = Debug|Any CPU
		{39D74308-7A25-428C-89C0-C54DE14CA239}.Release|Any CPU.ActiveCfg = Release|Any CPU
		{39D74308-7A25-428C-89C0-C54DE14CA239}.Release|Any CPU.Build.0 = Release|Any CPU
	EndGlobalSection
	GlobalSection(SolutionProperties) = preSolution
		HideSolutionNode = FALSE
	EndGlobalSection
	GlobalSection(ExtensibilityGlobals) = postSolution
		SolutionGuid = {83DF75E5-AA4A-444A-A243-171CFF807383}
	EndGlobalSection
EndGlobal
