
Microsoft Visual Studio Solution File, Format Version 12.00
# Visual Studio Version 17
VisualStudioVersion = 17.10.35122.118
MinimumVisualStudioVersion = 10.0.40219.1
Project("{FAE04EC0-301F-11D3-BF4B-00C04F79EFBC}") = "Daily-Report-Assignment", "Daily-Report-Assignment\Daily-Report-Assignment.csproj", "{9D92B216-10F1-4CE2-B1CF-8D2AC8C7EBC5}"
EndProject
Global
	GlobalSection(SolutionConfigurationPlatforms) = preSolution
		Debug|Any CPU = Debug|Any CPU
		Release|Any CPU = Release|Any CPU
	EndGlobalSection
	GlobalSection(ProjectConfigurationPlatforms) = postSolution
		{9D92B216-10F1-4CE2-B1CF-8D2AC8C7EBC5}.Debug|Any CPU.ActiveCfg = Debug|Any CPU
		{9D92B216-10F1-4CE2-B1CF-8D2AC8C7EBC5}.Debug|Any CPU.Build.0 = Debug|Any CPU
		{9D92B216-10F1-4CE2-B1CF-8D2AC8C7EBC5}.Release|Any CPU.ActiveCfg = Release|Any CPU
		{9D92B216-10F1-4CE2-B1CF-8D2AC8C7EBC5}.Release|Any CPU.Build.0 = Release|Any CPU
	EndGlobalSection
	GlobalSection(SolutionProperties) = preSolution
		HideSolutionNode = FALSE
	EndGlobalSection
	GlobalSection(ExtensibilityGlobals) = postSolution
		SolutionGuid = {79088E5D-1AC0-4570-A17D-F3738C66DF4D}
	EndGlobalSection
EndGlobal
